// !$*UTF8*$!
{
	archiveVersion = 1;
	classes = {
	};
	objectVersion = 77;
	objects = {

/* Begin PBXBuildFile section */
		AF8CDA983032B1A700CD3FA7 /* Sentry in Frameworks */ = {isa = PBXBuildFile; productRef = AF8CDA993032B1A700CD3FA7 /* Sentry */; };
		D1A0A00130A0000100000001 /* FirebaseAuth in Frameworks */ = {isa = PBXBuildFile; productRef = D1A0A02130A0000100000001 /* FirebaseAuth */; };
		D1A0A00230A0000100000001 /* FirebaseCore in Frameworks */ = {isa = PBXBuildFile; productRef = D1A0A02230A0000100000001 /* FirebaseCore */; };
		D1A0A00330A0000100000001 /* GoogleSignIn in Frameworks */ = {isa = PBXBuildFile; productRef = D1A0A02330A0000100000001 /* GoogleSignIn */; };
		D1A0A00430A0000100000001 /* KakaoSDKCommon in Frameworks */ = {isa = PBXBuildFile; productRef = D1A0A02430A0000100000001 /* KakaoSDKCommon */; };
		D1A0A00530A0000100000001 /* KakaoSDKAuth in Frameworks */ = {isa = PBXBuildFile; productRef = D1A0A02530A0000100000001 /* KakaoSDKAuth */; };
		D1A0A00630A0000100000001 /* KakaoSDKUser in Frameworks */ = {isa = PBXBuildFile; productRef = D1A0A02630A0000100000001 /* KakaoSDKUser */; };
		D1A0A00730A0000100000001 /* FirebaseMessaging in Frameworks */ = {isa = PBXBuildFile; productRef = D1A0A02730A0000100000001 /* FirebaseMessaging */; };
		D1A0A00830A0000100000001 /* KakaoMapsSDK-SPM in Frameworks */ = {isa = PBXBuildFile; productRef = D1A0A02830A0000100000001 /* KakaoMapsSDK-SPM */; };
/* End PBXBuildFile section */

/* Begin PBXContainerItemProxy section */
		AF88FD292FC9D869000CF969 /* PBXContainerItemProxy */ = {
			isa = PBXContainerItemProxy;
			containerPortal = AF88FD132FC9D867000CF969 /* Project object */;
			proxyType = 1;
			remoteGlobalIDString = AF88FD1A2FC9D867000CF969;
			remoteInfo = MoyeoTrip;
		};
		AF88FD332FC9D869000CF969 /* PBXContainerItemProxy */ = {
			isa = PBXContainerItemProxy;
			containerPortal = AF88FD132FC9D867000CF969 /* Project object */;
			proxyType = 1;
			remoteGlobalIDString = AF88FD1A2FC9D867000CF969;
			remoteInfo = MoyeoTrip;
		};
/* End PBXContainerItemProxy section */

/* Begin PBXFileReference section */
		AF88FD1B2FC9D867000CF969 /* MoyeoTrip.app */ = {isa = PBXFileReference; explicitFileType = wrapper.application; includeInIndex = 0; path = MoyeoTrip.app; sourceTree = BUILT_PRODUCTS_DIR; };
		AF88FD282FC9D869000CF969 /* MoyeoTripTests.xctest */ = {isa = PBXFileReference; explicitFileType = wrapper.cfbundle; includeInIndex = 0; path = MoyeoTripTests.xctest; sourceTree = BUILT_PRODUCTS_DIR; };
		AF88FD322FC9D869000CF969 /* MoyeoTripUITests.xctest */ = {isa = PBXFileReference; explicitFileType = wrapper.cfbundle; includeInIndex = 0; path = MoyeoTripUITests.xctest; sourceTree = BUILT_PRODUCTS_DIR; };
		D1A0A03030A0000100000001 /* App.xcconfig */ = {isa = PBXFileReference; lastKnownFileType = text.xcconfig; path = App.xcconfig; sourceTree = "<group>"; };
/* End PBXFileReference section */

/* Begin PBXFileSystemSynchronizedBuildFileExceptionSet section */
		AF579CD7301EE65200D34EDB /* Exceptions for "MoyeoTrip" folder in "MoyeoTrip" target */ = {
			isa = PBXFileSystemSynchronizedBuildFileExceptionSet;
			membershipExceptions = (
				Info.plist,
			);
			target = AF88FD1A2FC9D867000CF969 /* MoyeoTrip */;
		};
/* End PBXFileSystemSynchronizedBuildFileExceptionSet section */

/* Begin PBXFileSystemSynchronizedRootGroup section */
		AF88FD1D2FC9D867000CF969 /* MoyeoTrip */ = {
			isa = PBXFileSystemSynchronizedRootGroup;
			exceptions = (
				AF579CD7301EE65200D34EDB /* Exceptions for "MoyeoTrip" folder in "MoyeoTrip" target */,
			);
			path = MoyeoTrip;
			sourceTree = "<group>";
		};
		AF88FD2B2FC9D869000CF969 /* MoyeoTripTests */ = {
			isa = PBXFileSystemSynchronizedRootGroup;
			path = MoyeoTripTests;
			sourceTree = "<group>";
		};
		AF88FD352FC9D869000CF969 /* MoyeoTripUITests */ = {
			isa = PBXFileSystemSynchronizedRootGroup;
			path = MoyeoTripUITests;
			sourceTree = "<group>";
		};
/* End PBXFileSystemSynchronizedRootGroup section */

/* Begin PBXFrameworksBuildPhase section */
		AF88FD182FC9D867000CF969 /* Frameworks */ = {
			isa = PBXFrameworksBuildPhase;
			buildActionMask = 2147483647;
			files = (
				D1A0A00130A0000100000001 /* FirebaseAuth in Frameworks */,
				D1A0A00230A0000100000001 /* FirebaseCore in Frameworks */,
				D1A0A00730A0000100000001 /* FirebaseMessaging in Frameworks */,
				D1A0A00330A0000100000001 /* GoogleSignIn in Frameworks */,
				D1A0A00430A0000100000001 /* KakaoSDKCommon in Frameworks */,
				D1A0A00530A0000100000001 /* KakaoSDKAuth in Frameworks */,
				D1A0A00630A0000100000001 /* KakaoSDKUser in Frameworks */,
				D1A0A00830A0000100000001 /* KakaoMapsSDK-SPM in Frameworks */,
				AF8CDA983032B1A700CD3FA7 /* Sentry in Frameworks */,
			);
			runOnlyForDeploymentPostprocessing = 0;
		};
		AF88FD252FC9D869000CF969 /* Frameworks */ = {
			isa = PBXFrameworksBuildPhase;
			buildActionMask = 2147483647;
			files = (
			);
			runOnlyForDeploymentPostprocessing = 0;
		};
		AF88FD2F2FC9D869000CF969 /* Frameworks */ = {
			isa = PBXFrameworksBuildPhase;
			buildActionMask = 2147483647;
			files = (
			);
			runOnlyForDeploymentPostprocessing = 0;
		};
/* End PBXFrameworksBuildPhase section */

/* Begin PBXGroup section */
		AF88FD122FC9D867000CF969 = {
			isa = PBXGroup;
			children = (
				D1A0A03030A0000100000001 /* App.xcconfig */,
				AF88FD1D2FC9D867000CF969 /* MoyeoTrip */,
				AF88FD2B2FC9D869000CF969 /* MoyeoTripTests */,
				AF88FD352FC9D869000CF969 /* MoyeoTripUITests */,
				AF88FD1C2FC9D867000CF969 /* Products */,
			);
			sourceTree = "<group>";
		};
		AF88FD1C2FC9D867000CF969 /* Products */ = {
			isa = PBXGroup;
			children = (
				AF88FD1B2FC9D867000CF969 /* MoyeoTrip.app */,
				AF88FD282FC9D869000CF969 /* MoyeoTripTests.xctest */,
				AF88FD322FC9D869000CF969 /* MoyeoTripUITests.xctest */,
			);
			name = Products;
			sourceTree = "<group>";
		};
/* End PBXGroup section */

/* Begin PBXNativeTarget section */
		AF88FD1A2FC9D867000CF969 /* MoyeoTrip */ = {
			isa = PBXNativeTarget;
			buildConfigurationList = AF88FD3C2FC9D869000CF969 /* Build configuration list for PBXNativeTarget "MoyeoTrip" */;
			buildPhases = (
				AF88FD172FC9D867000CF969 /* Sources */,
				AF88FD182FC9D867000CF969 /* Frameworks */,
				AF88FD192FC9D867000CF969 /* Resources */,
			);
			buildRules = (
			);
			dependencies = (
				C0A1B0022FCA000100000001 /* PBXTargetDependency */,
			);
			fileSystemSynchronizedGroups = (
				AF88FD1D2FC9D867000CF969 /* MoyeoTrip */,
			);
			name = MoyeoTrip;
			packageProductDependencies = (
				D1A0A02130A0000100000001 /* FirebaseAuth */,
				D1A0A02230A0000100000001 /* FirebaseCore */,
				D1A0A02730A0000100000001 /* FirebaseMessaging */,
				D1A0A02330A0000100000001 /* GoogleSignIn */,
				D1A0A02430A0000100000001 /* KakaoSDKCommon */,
				D1A0A02530A0000100000001 /* KakaoSDKAuth */,
				D1A0A02630A0000100000001 /* KakaoSDKUser */,
				D1A0A02830A0000100000001 /* KakaoMapsSDK-SPM */,
				AF8CDA993032B1A700CD3FA7 /* Sentry */,
			);
			productName = MoyeoTrip;
			productReference = AF88FD1B2FC9D867000CF969 /* MoyeoTrip.app */;
			productType = "com.apple.product-type.application";
		};
		AF88FD272FC9D869000CF969 /* MoyeoTripTests */ = {
			isa = PBXNativeTarget;
			buildConfigurationList = AF88FD3F2FC9D869000CF969 /* Build configuration list for PBXNativeTarget "MoyeoTripTests" */;
			buildPhases = (
				AF88FD242FC9D869000CF969 /* Sources */,
				AF88FD252FC9D869000CF969 /* Frameworks */,
				AF88FD262FC9D869000CF969 /* Resources */,
			);
			buildRules = (
			);
			dependencies = (
				AF88FD2A2FC9D869000CF969 /* PBXTargetDependency */,
				C0A1B0042FCA000100000001 /* PBXTargetDependency */,
			);
			fileSystemSynchronizedGroups = (
				AF88FD2B2FC9D869000CF969 /* MoyeoTripTests */,
			);
			name = MoyeoTripTests;
			packageProductDependencies = (
			);
			productName = MoyeoTripTests;
			productReference = AF88FD282FC9D869000CF969 /* MoyeoTripTests.xctest */;
			productType = "com.apple.product-type.bundle.unit-test";
		};
		AF88FD312FC9D869000CF969 /* MoyeoTripUITests */ = {
			isa = PBXNativeTarget;
			buildConfigurationList = AF88FD422FC9D869000CF969 /* Build configuration list for PBXNativeTarget "MoyeoTripUITests" */;
			buildPhases = (
				AF88FD2E2FC9D869000CF969 /* Sources */,
				AF88FD2F2FC9D869000CF969 /* Frameworks */,
				AF88FD302FC9D869000CF969 /* Resources */,
			);
			buildRules = (
			);
			dependencies = (
				AF88FD342FC9D869000CF969 /* PBXTargetDependency */,
				C0A1B0052FCA000100000001 /* PBXTargetDependency */,
			);
			fileSystemSynchronizedGroups = (
				AF88FD352FC9D869000CF969 /* MoyeoTripUITests */,
			);
			name = MoyeoTripUITests;
			packageProductDependencies = (
			);
			productName = MoyeoTripUITests;
			productReference = AF88FD322FC9D869000CF969 /* MoyeoTripUITests.xctest */;
			productType = "com.apple.product-type.bundle.ui-testing";
		};
/* End PBXNativeTarget section */

/* Begin PBXProject section */
		AF88FD132FC9D867000CF969 /* Project object */ = {
			isa = PBXProject;
			attributes = {
				BuildIndependentTargetsInParallel = 1;
				LastSwiftUpdateCheck = 2650;
				LastUpgradeCheck = 2660;
				TargetAttributes = {
					AF88FD1A2FC9D867000CF969 = {
						CreatedOnToolsVersion = 26.5;
					};
					AF88FD272FC9D869000CF969 = {
						CreatedOnToolsVersion = 26.5;
						TestTargetID = AF88FD1A2FC9D867000CF969;
					};
					AF88FD312FC9D869000CF969 = {
						CreatedOnToolsVersion = 26.5;
						TestTargetID = AF88FD1A2FC9D867000CF969;
					};
				};
			};
			buildConfigurationList = AF88FD162FC9D867000CF969 /* Build configuration list for PBXProject "MoyeoTrip" */;
			developmentRegion = en;
			hasScannedForEncodings = 0;
			knownRegions = (
				en,
				Base,
			);
			mainGroup = AF88FD122FC9D867000CF969;
			minimizedProjectReferenceProxies = 1;
			packageReferences = (
				C0A1B0012FCA000100000001 /* XCRemoteSwiftPackageReference "SwiftLintPlugins" */,
				D1A0A01030A0000100000001 /* XCRemoteSwiftPackageReference "firebase-ios-sdk" */,
				D1A0A01130A0000100000001 /* XCRemoteSwiftPackageReference "GoogleSignIn-iOS" */,
				D1A0A01230A0000100000001 /* XCRemoteSwiftPackageReference "kakao-ios-sdk" */,
				D1A0A01330A0000100000001 /* XCRemoteSwiftPackageReference "KakaoMapsSDK-SPM" */,
				AF8CDA973032B1A700CD3FA7 /* XCRemoteSwiftPackageReference "sentry-cocoa" */,
			);
			preferredProjectObjectVersion = 77;
			productRefGroup = AF88FD1C2FC9D867000CF969 /* Products */;
			projectDirPath = "";
			projectRoot = "";
			targets = (
				AF88FD1A2FC9D867000CF969 /* MoyeoTrip */,
				AF88FD272FC9D869000CF969 /* MoyeoTripTests */,
				AF88FD312FC9D869000CF969 /* MoyeoTripUITests */,
			);
		};
/* End PBXProject section */

/* Begin PBXResourcesBuildPhase section */
		AF88FD192FC9D867000CF969 /* Resources */ = {
			isa = PBXResourcesBuildPhase;
			buildActionMask = 2147483647;
			files = (
			);
			runOnlyForDeploymentPostprocessing = 0;
		};
		AF88FD262FC9D869000CF969 /* Resources */ = {
			isa = PBXResourcesBuildPhase;
			buildActionMask = 2147483647;
			files = (
			);
			runOnlyForDeploymentPostprocessing = 0;
		};
		AF88FD302FC9D869000CF969 /* Resources */ = {
			isa = PBXResourcesBuildPhase;
			buildActionMask = 2147483647;
			files = (
			);
			runOnlyForDeploymentPostprocessing = 0;
		};
/* End PBXResourcesBuildPhase section */

/* Begin PBXSourcesBuildPhase section */
		AF88FD172FC9D867000CF969 /* Sources */ = {
			isa = PBXSourcesBuildPhase;
			buildActionMask = 2147483647;
			files = (
			);
			runOnlyForDeploymentPostprocessing = 0;
		};
		AF88FD242FC9D869000CF969 /* Sources */ = {
			isa = PBXSourcesBuildPhase;
			buildActionMask = 2147483647;
			files = (
			);
			runOnlyForDeploymentPostprocessing = 0;
		};
		AF88FD2E2FC9D869000CF969 /* Sources */ = {
			isa = PBXSourcesBuildPhase;
			buildActionMask = 2147483647;
			files = (
			);
			runOnlyForDeploymentPostprocessing = 0;
		};
/* End PBXSourcesBuildPhase section */

/* Begin PBXTargetDependency section */
		AF88FD2A2FC9D869000CF969 /* PBXTargetDependency */ = {
			isa = PBXTargetDependency;
			target = AF88FD1A2FC9D867000CF969 /* MoyeoTrip */;
			targetProxy = AF88FD292FC9D869000CF969 /* PBXContainerItemProxy */;
		};
		AF88FD342FC9D869000CF969 /* PBXTargetDependency */ = {
			isa = PBXTargetDependency;
			target = AF88FD1A2FC9D867000CF969 /* MoyeoTrip */;
			targetProxy = AF88FD332FC9D869000CF969 /* PBXContainerItemProxy */;
		};
		C0A1B0022FCA000100000001 /* PBXTargetDependency */ = {
			isa = PBXTargetDependency;
			productRef = C0A1B0032FCA000100000001 /* SwiftLintBuildToolPlugin */;
		};
		C0A1B0042FCA000100000001 /* PBXTargetDependency */ = {
			isa = PBXTargetDependency;
			productRef = C0A1B0032FCA000100000001 /* SwiftLintBuildToolPlugin */;
		};
		C0A1B0052FCA000100000001 /* PBXTargetDependency */ = {
			isa = PBXTargetDependency;
			productRef = C0A1B0032FCA000100000001 /* SwiftLintBuildToolPlugin */;
		};
/* End PBXTargetDependency section */

/* Begin XCBuildConfiguration section */
		AF88FD3A2FC9D869000CF969 /* Debug */ = {
			isa = XCBuildConfiguration;
			buildSettings = {
				ALWAYS_SEARCH_USER_PATHS = NO;
				ASSETCATALOG_COMPILER_GENERATE_SWIFT_ASSET_SYMBOL_EXTENSIONS = YES;
				CLANG_ANALYZER_NONNULL = YES;
				CLANG_ANALYZER_NUMBER_OBJECT_CONVERSION = YES_AGGRESSIVE;
				CLANG_CXX_LANGUAGE_STANDARD = "gnu++20";
				CLANG_ENABLE_MODULES = YES;
				CLANG_ENABLE_OBJC_ARC = YES;
				CLANG_ENABLE_OBJC_WEAK = YES;
				CLANG_WARN_BLOCK_CAPTURE_AUTORELEASING = YES;
				CLANG_WARN_BOOL_CONVERSION = YES;
				CLANG_WARN_COMMA = YES;
				CLANG_WARN_CONSTANT_CONVERSION = YES;
				CLANG_WARN_DEPRECATED_OBJC_IMPLEMENTATIONS = YES;
				CLANG_WARN_DIRECT_OBJC_ISA_USAGE = YES_ERROR;
				CLANG_WARN_DOCUMENTATION_COMMENTS = YES;
				CLANG_WARN_EMPTY_BODY = YES;
				CLANG_WARN_ENUM_CONVERSION = YES;
				CLANG_WARN_INFINITE_RECURSION = YES;
				CLANG_WARN_INT_CONVERSION = YES;
				CLANG_WARN_NON_LITERAL_NULL_CONVERSION = YES;
				CLANG_WARN_OBJC_IMPLICIT_RETAIN_SELF = YES;
				CLANG_WARN_OBJC_LITERAL_CONVERSION = YES;
				CLANG_WARN_OBJC_ROOT_CLASS = YES_ERROR;
				CLANG_WARN_QUOTED_INCLUDE_IN_FRAMEWORK_HEADER = YES;
				CLANG_WARN_RANGE_LOOP_ANALYSIS = YES;
				CLANG_WARN_STRICT_PROTOTYPES = YES;
				CLANG_WARN_SUSPICIOUS_MOVE = YES;
				CLANG_WARN_UNGUARDED_AVAILABILITY = YES_AGGRESSIVE;
				CLANG_WARN_UNREACHABLE_CODE = YES;
				CLANG_WARN__DUPLICATE_METHOD_MATCH = YES;
				COPY_PHASE_STRIP = NO;
				DEBUG_INFORMATION_FORMAT = dwarf;
				DEVELOPMENT_TEAM = Q3X65N3243;
				ENABLE_STRICT_OBJC_MSGSEND = YES;
				ENABLE_TESTABILITY = YES;
				ENABLE_USER_SCRIPT_SANDBOXING = YES;
				GCC_C_LANGUAGE_STANDARD = gnu17;
				GCC_DYNAMIC_NO_PIC = NO;
				GCC_NO_COMMON_BLOCKS = YES;
				GCC_OPTIMIZATION_LEVEL = 0;
				GCC_PREPROCESSOR_DEFINITIONS = (
					"DEBUG=1",
					"$(inherited)",
				);
				GCC_WARN_64_TO_32_BIT_CONVERSION = YES;
				GCC_WARN_ABOUT_RETURN_TYPE = YES_ERROR;
				GCC_WARN_UNDECLARED_SELECTOR = YES;
				GCC_WARN_UNINITIALIZED_AUTOS = YES_AGGRESSIVE;
				GCC_WARN_UNUSED_FUNCTION = YES;
				GCC_WARN_UNUSED_VARIABLE = YES;
				IPHONEOS_DEPLOYMENT_TARGET = 26.5;
				LOCALIZATION_PREFERS_STRING_CATALOGS = YES;
				MTL_ENABLE_DEBUG_INFO = INCLUDE_SOURCE;
				MTL_FAST_MATH = YES;
				ONLY_ACTIVE_ARCH = YES;
				SDKROOT = iphoneos;
				STRING_CATALOG_GENERATE_SYMBOLS = YES;
				SWIFT_ACTIVE_COMPILATION_CONDITIONS = "DEBUG $(inherited)";
				SWIFT_OPTIMIZATION_LEVEL = "-Onone";
			};
			name = Debug;
		};
		AF88FD3B2FC9D869000CF969 /* Release */ = {
			isa = XCBuildConfiguration;
			buildSettings = {
				ALWAYS_SEARCH_USER_PATHS = NO;
				ASSETCATALOG_COMPILER_GENERATE_SWIFT_ASSET_SYMBOL_EXTENSIONS = YES;
				CLANG_ANALYZER_NONNULL = YES;
				CLANG_ANALYZER_NUMBER_OBJECT_CONVERSION = YES_AGGRESSIVE;
				CLANG_CXX_LANGUAGE_STANDARD = "gnu++20";
				CLANG_ENABLE_MODULES = YES;
				CLANG_ENABLE_OBJC_ARC = YES;
				CLANG_ENABLE_OBJC_WEAK = YES;
				CLANG_WARN_BLOCK_CAPTURE_AUTORELEASING = YES;
				CLANG_WARN_BOOL_CONVERSION = YES;
				CLANG_WARN_COMMA = YES;
				CLANG_WARN_CONSTANT_CONVERSION = YES;
				CLANG_WARN_DEPRECATED_OBJC_IMPLEMENTATIONS = YES;
				CLANG_WARN_DIRECT_OBJC_ISA_USAGE = YES_ERROR;
				CLANG_WARN_DOCUMENTATION_COMMENTS = YES;
				CLANG_WARN_EMPTY_BODY = YES;
				CLANG_WARN_ENUM_CONVERSION = YES;
				CLANG_WARN_INFINITE_RECURSION = YES;
				CLANG_WARN_INT_CONVERSION = YES;
				CLANG_WARN_NON_LITERAL_NULL_CONVERSION = YES;
				CLANG_WARN_OBJC_IMPLICIT_RETAIN_SELF = YES;
				CLANG_WARN_OBJC_LITERAL_CONVERSION = YES;
				CLANG_WARN_OBJC_ROOT_CLASS = YES_ERROR;
				CLANG_WARN_QUOTED_INCLUDE_IN_FRAMEWORK_HEADER = YES;
				CLANG_WARN_RANGE_LOOP_ANALYSIS = YES;
				CLANG_WARN_STRICT_PROTOTYPES = YES;
				CLANG_WARN_SUSPICIOUS_MOVE = YES;
				CLANG_WARN_UNGUARDED_AVAILABILITY = YES_AGGRESSIVE;
				CLANG_WARN_UNREACHABLE_CODE = YES;
				CLANG_WARN__DUPLICATE_METHOD_MATCH = YES;
				COPY_PHASE_STRIP = NO;
				DEBUG_INFORMATION_FORMAT = "dwarf-with-dsym";
				DEVELOPMENT_TEAM = Q3X65N3243;
				ENABLE_NS_ASSERTIONS = NO;
				ENABLE_STRICT_OBJC_MSGSEND = YES;
				ENABLE_USER_SCRIPT_SANDBOXING = YES;
				GCC_C_LANGUAGE_STANDARD = gnu17;
				GCC_NO_COMMON_BLOCKS = YES;
				GCC_WARN_64_TO_32_BIT_CONVERSION = YES;
				GCC_WARN_ABOUT_RETURN_TYPE = YES_ERROR;
				GCC_WARN_UNDECLARED_SELECTOR = YES;
				GCC_WARN_UNINITIALIZED_AUTOS = YES_AGGRESSIVE;
				GCC_WARN_UNUSED_FUNCTION = YES;
				GCC_WARN_UNUSED_VARIABLE = YES;
				IPHONEOS_DEPLOYMENT_TARGET = 26.5;
				LOCALIZATION_PREFERS_STRING_CATALOGS = YES;
				MTL_ENABLE_DEBUG_INFO = NO;
				MTL_FAST_MATH = YES;
				SDKROOT = iphoneos;
				STRING_CATALOG_GENERATE_SYMBOLS = YES;
				SWIFT_COMPILATION_MODE = wholemodule;
				VALIDATE_PRODUCT = YES;
			};
			name = Release;
		};
		AF88FD3D2FC9D869000CF969 /* Debug */ = {
			isa = XCBuildConfiguration;
			baseConfigurationReference = D1A0A03030A0000100000001 /* App.xcconfig */;
			buildSettings = {
				APS_ENVIRONMENT = development;
				ASSETCATALOG_COMPILER_APPICON_NAME = AppIcon;
				ASSETCATALOG_COMPILER_GLOBAL_ACCENT_COLOR_NAME = AccentColor;
				CODE_SIGN_ENTITLEMENTS = MoyeoTrip/MoyeoTrip.entitlements;
				CODE_SIGN_IDENTITY = "Apple Development";
				CODE_SIGN_STYLE = Automatic;
				CURRENT_PROJECT_VERSION = 1;
				DEVELOPMENT_TEAM = Q3X65N3243;
				ENABLE_PREVIEWS = YES;
				GENERATE_INFOPLIST_FILE = YES;
				INFOPLIST_FILE = MoyeoTrip/Info.plist;
				INFOPLIST_KEY_CFBundleDisplayName = MoyeoTrip;
				INFOPLIST_KEY_LSApplicationCategoryType = "public.app-category.social-networking";
				INFOPLIST_KEY_NSAppTransportSecurity_NSAllowsLocalNetworking = YES;
				INFOPLIST_KEY_UIApplicationSceneManifest_Generation = YES;
				INFOPLIST_KEY_UIApplicationSupportsIndirectInputEvents = YES;
				INFOPLIST_KEY_UILaunchStoryboardName = LaunchScreen;
				INFOPLIST_KEY_UISupportedInterfaceOrientations_iPad = "UIInterfaceOrientationPortrait UIInterfaceOrientationPortraitUpsideDown UIInterfaceOrientationLandscapeLeft UIInterfaceOrientationLandscapeRight";
				INFOPLIST_KEY_UISupportedInterfaceOrientations_iPhone = "UIInterfaceOrientationPortrait UIInterfaceOrientationLandscapeLeft UIInterfaceOrientationLandscapeRight";
				LD_RUNPATH_SEARCH_PATHS = (
					"$(inherited)",
					"@executable_path/Frameworks",
				);
				MARKETING_VERSION = 1.0;
				OTHER_LDFLAGS = (
					"$(inherited)",
					"-ObjC",
				);
				PRODUCT_BUNDLE_IDENTIFIER = kr.hanchae.MoyeoTrip;
				PRODUCT_NAME = "$(TARGET_NAME)";
				PROVISIONING_PROFILE_SPECIFIER = "";
				SENTRY_ENVIRONMENT = development;
				SENTRY_RELEASE = "moyeotrip-ios@1.0+1";
				SENTRY_TRACES_SAMPLE_RATE = 1.0;
				STRING_CATALOG_GENERATE_SYMBOLS = YES;
				SUPPORTED_PLATFORMS = "iphoneos iphonesimulator";
				SUPPORTS_MACCATALYST = NO;
				SUPPORTS_MAC_DESIGNED_FOR_IPHONE_IPAD = NO;
				SUPPORTS_XR_DESIGNED_FOR_IPHONE_IPAD = NO;
				SWIFT_APPROACHABLE_CONCURRENCY = YES;
				SWIFT_DEFAULT_ACTOR_ISOLATION = MainActor;
				SWIFT_EMIT_LOC_STRINGS = YES;
				SWIFT_UPCOMING_FEATURE_MEMBER_IMPORT_VISIBILITY = YES;
				SWIFT_VERSION = 5.0;
				TARGETED_DEVICE_FAMILY = 1;
			};
			name = Debug;
		};
		AF88FD3E2FC9D869000CF969 /* Release */ = {
			isa = XCBuildConfiguration;
			baseConfigurationReference = D1A0A03030A0000100000001 /* App.xcconfig */;
			buildSettings = {
				APS_ENVIRONMENT = production;
				ASSETCATALOG_COMPILER_APPICON_NAME = AppIcon;
				ASSETCATALOG_COMPILER_GLOBAL_ACCENT_COLOR_NAME = AccentColor;
				CODE_SIGN_ENTITLEMENTS = MoyeoTrip/MoyeoTrip.entitlements;
				CODE_SIGN_IDENTITY = "Apple Development";
				CODE_SIGN_STYLE = Automatic;
				CURRENT_PROJECT_VERSION = 1;
				DEVELOPMENT_TEAM = Q3X65N3243;
				ENABLE_PREVIEWS = YES;
				GENERATE_INFOPLIST_FILE = YES;
				INFOPLIST_FILE = MoyeoTrip/Info.plist;
				INFOPLIST_KEY_CFBundleDisplayName = MoyeoTrip;
				INFOPLIST_KEY_LSApplicationCategoryType = "public.app-category.social-networking";
				INFOPLIST_KEY_NSAppTransportSecurity_NSAllowsLocalNetworking = YES;
				INFOPLIST_KEY_UIApplicationSceneManifest_Generation = YES;
				INFOPLIST_KEY_UIApplicationSupportsIndirectInputEvents = YES;
				INFOPLIST_KEY_UILaunchStoryboardName = LaunchScreen;
				INFOPLIST_KEY_UISupportedInterfaceOrientations_iPad = "UIInterfaceOrientationPortrait UIInterfaceOrientationPortraitUpsideDown UIInterfaceOrientationLandscapeLeft UIInterfaceOrientationLandscapeRight";
				INFOPLIST_KEY_UISupportedInterfaceOrientations_iPhone = "UIInterfaceOrientationPortrait UIInterfaceOrientationLandscapeLeft UIInterfaceOrientationLandscapeRight";
				LD_RUNPATH_SEARCH_PATHS = (
					"$(inherited)",
					"@executable_path/Frameworks",
				);
				MARKETING_VERSION = 1.0;
				OTHER_LDFLAGS = (
					"$(inherited)",
					"-ObjC",
				);
				PRODUCT_BUNDLE_IDENTIFIER = kr.hanchae.MoyeoTrip;
				PRODUCT_NAME = "$(TARGET_NAME)";
				PROVISIONING_PROFILE_SPECIFIER = "";
				SENTRY_ENVIRONMENT = development;
				SENTRY_RELEASE = "moyeotrip-ios@1.0+1";
				SENTRY_TRACES_SAMPLE_RATE = 1.0;
				STRING_CATALOG_GENERATE_SYMBOLS = YES;
				SUPPORTED_PLATFORMS = "iphoneos iphonesimulator";
				SUPPORTS_MACCATALYST = NO;
				SUPPORTS_MAC_DESIGNED_FOR_IPHONE_IPAD = NO;
				SUPPORTS_XR_DESIGNED_FOR_IPHONE_IPAD = NO;
				SWIFT_APPROACHABLE_CONCURRENCY = YES;
				SWIFT_DEFAULT_ACTOR_ISOLATION = MainActor;
				SWIFT_EMIT_LOC_STRINGS = YES;
				SWIFT_UPCOMING_FEATURE_MEMBER_IMPORT_VISIBILITY = YES;
				SWIFT_VERSION = 5.0;
				TARGETED_DEVICE_FAMILY = 1;
			};
			name = Release;
		};
		AF88FD402FC9D869000CF969 /* Debug */ = {
			isa = XCBuildConfiguration;
			buildSettings = {
				BUNDLE_LOADER = "$(TEST_HOST)";
				CODE_SIGN_STYLE = Automatic;
				CURRENT_PROJECT_VERSION = 1;
				DEVELOPMENT_TEAM = Q3X65N3243;
				GENERATE_INFOPLIST_FILE = YES;
				IPHONEOS_DEPLOYMENT_TARGET = 26.5;
				MARKETING_VERSION = 1.0;
				PRODUCT_BUNDLE_IDENTIFIER = kr.hanchae.MoyeoTripTests;
				PRODUCT_NAME = "$(TARGET_NAME)";
				STRING_CATALOG_GENERATE_SYMBOLS = NO;
				SWIFT_APPROACHABLE_CONCURRENCY = YES;
				SWIFT_EMIT_LOC_STRINGS = NO;
				SWIFT_UPCOMING_FEATURE_MEMBER_IMPORT_VISIBILITY = YES;
				SWIFT_VERSION = 5.0;
				TARGETED_DEVICE_FAMILY = "1,2";
				TEST_HOST = "$(BUILT_PRODUCTS_DIR)/MoyeoTrip.app/$(BUNDLE_EXECUTABLE_FOLDER_PATH)/MoyeoTrip";
			};
			name = Debug;
		};
		AF88FD412FC9D869000CF969 /* Release */ = {
			isa = XCBuildConfiguration;
			buildSettings = {
				BUNDLE_LOADER = "$(TEST_HOST)";
				CODE_SIGN_STYLE = Automatic;
				CURRENT_PROJECT_VERSION = 1;
				DEVELOPMENT_TEAM = Q3X65N3243;
				GENERATE_INFOPLIST_FILE = YES;
				IPHONEOS_DEPLOYMENT_TARGET = 26.5;
				MARKETING_VERSION = 1.0;
				PRODUCT_BUNDLE_IDENTIFIER = kr.hanchae.MoyeoTripTests;
				PRODUCT_NAME = "$(TARGET_NAME)";
				STRING_CATALOG_GENERATE_SYMBOLS = NO;
				SWIFT_APPROACHABLE_CONCURRENCY = YES;
				SWIFT_EMIT_LOC_STRINGS = NO;
				SWIFT_UPCOMING_FEATURE_MEMBER_IMPORT_VISIBILITY = YES;
				SWIFT_VERSION = 5.0;
				TARGETED_DEVICE_FAMILY = "1,2";
				TEST_HOST = "$(BUILT_PRODUCTS_DIR)/MoyeoTrip.app/$(BUNDLE_EXECUTABLE_FOLDER_PATH)/MoyeoTrip";
			};
			name = Release;
		};
		AF88FD432FC9D869000CF969 /* Debug */ = {
			isa = XCBuildConfiguration;
			buildSettings = {
				CODE_SIGN_STYLE = Automatic;
				CURRENT_PROJECT_VERSION = 1;
				DEVELOPMENT_TEAM = Q3X65N3243;
				GENERATE_INFOPLIST_FILE = YES;
				MARKETING_VERSION = 1.0;
				PRODUCT_BUNDLE_IDENTIFIER = kr.hanchae.MoyeoTripUITests;
				PRODUCT_NAME = "$(TARGET_NAME)";
				STRING_CATALOG_GENERATE_SYMBOLS = NO;
				SWIFT_APPROACHABLE_CONCURRENCY = YES;
				SWIFT_EMIT_LOC_STRINGS = NO;
				SWIFT_UPCOMING_FEATURE_MEMBER_IMPORT_VISIBILITY = YES;
				SWIFT_VERSION = 5.0;
				TARGETED_DEVICE_FAMILY = "1,2";
				TEST_TARGET_NAME = MoyeoTrip;
			};
			name = Debug;
		};
		AF88FD442FC9D869000CF969 /* Release */ = {
			isa = XCBuildConfiguration;
			buildSettings = {
				CODE_SIGN_STYLE = Automatic;
				CURRENT_PROJECT_VERSION = 1;
				DEVELOPMENT_TEAM = Q3X65N3243;
				GENERATE_INFOPLIST_FILE = YES;
				MARKETING_VERSION = 1.0;
				PRODUCT_BUNDLE_IDENTIFIER = kr.hanchae.MoyeoTripUITests;
				PRODUCT_NAME = "$(TARGET_NAME)";
				STRING_CATALOG_GENERATE_SYMBOLS = NO;
				SWIFT_APPROACHABLE_CONCURRENCY = YES;
				SWIFT_EMIT_LOC_STRINGS = NO;
				SWIFT_UPCOMING_FEATURE_MEMBER_IMPORT_VISIBILITY = YES;
				SWIFT_VERSION = 5.0;
				TARGETED_DEVICE_FAMILY = "1,2";
				TEST_TARGET_NAME = MoyeoTrip;
			};
			name = Release;
		};
/* End XCBuildConfiguration section */

/* Begin XCConfigurationList section */
		AF88FD162FC9D867000CF969 /* Build configuration list for PBXProject "MoyeoTrip" */ = {
			isa = XCConfigurationList;
			buildConfigurations = (
				AF88FD3A2FC9D869000CF969 /* Debug */,
				AF88FD3B2FC9D869000CF969 /* Release */,
			);
			defaultConfigurationIsVisible = 0;
			defaultConfigurationName = Release;
		};
		AF88FD3C2FC9D869000CF969 /* Build configuration list for PBXNativeTarget "MoyeoTrip" */ = {
			isa = XCConfigurationList;
			buildConfigurations = (
				AF88FD3D2FC9D869000CF969 /* Debug */,
				AF88FD3E2FC9D869000CF969 /* Release */,
			);
			defaultConfigurationIsVisible = 0;
			defaultConfigurationName = Release;
		};
		AF88FD3F2FC9D869000CF969 /* Build configuration list for PBXNativeTarget "MoyeoTripTests" */ = {
			isa = XCConfigurationList;
			buildConfigurations = (
				AF88FD402FC9D869000CF969 /* Debug */,
				AF88FD412FC9D869000CF969 /* Release */,
			);
			defaultConfigurationIsVisible = 0;
			defaultConfigurationName = Release;
		};
		AF88FD422FC9D869000CF969 /* Build configuration list for PBXNativeTarget "MoyeoTripUITests" */ = {
			isa = XCConfigurationList;
			buildConfigurations = (
				AF88FD432FC9D869000CF969 /* Debug */,
				AF88FD442FC9D869000CF969 /* Release */,
			);
			defaultConfigurationIsVisible = 0;
			defaultConfigurationName = Release;
		};
/* End XCConfigurationList section */

/* Begin XCRemoteSwiftPackageReference section */
		AF8CDA973032B1A700CD3FA7 /* XCRemoteSwiftPackageReference "sentry-cocoa" */ = {
			isa = XCRemoteSwiftPackageReference;
			repositoryURL = "https://github.com/getsentry/sentry-cocoa";
			requirement = {
				kind = exactVersion;
				version = 9.26.0;
			};
			traits = (
			);
		};
		C0A1B0012FCA000100000001 /* XCRemoteSwiftPackageReference "SwiftLintPlugins" */ = {
			isa = XCRemoteSwiftPackageReference;
			repositoryURL = "https://github.com/SimplyDanny/SwiftLintPlugins";
			requirement = {
				kind = exactVersion;
				version = 0.63.2;
			};
		};
		D1A0A01030A0000100000001 /* XCRemoteSwiftPackageReference "firebase-ios-sdk" */ = {
			isa = XCRemoteSwiftPackageReference;
			repositoryURL = "https://github.com/firebase/firebase-ios-sdk.git";
			requirement = {
				kind = exactVersion;
				version = 12.16.0;
			};
		};
		D1A0A01130A0000100000001 /* XCRemoteSwiftPackageReference "GoogleSignIn-iOS" */ = {
			isa = XCRemoteSwiftPackageReference;
			repositoryURL = "https://github.com/google/GoogleSignIn-iOS.git";
			requirement = {
				kind = exactVersion;
				version = 9.2.0;
			};
		};
		D1A0A01230A0000100000001 /* XCRemoteSwiftPackageReference "kakao-ios-sdk" */ = {
			isa = XCRemoteSwiftPackageReference;
			repositoryURL = "https://github.com/kakao/kakao-ios-sdk";
			requirement = {
				kind = exactVersion;
				version = 2.28.0;
			};
		};
		D1A0A01330A0000100000001 /* XCRemoteSwiftPackageReference "KakaoMapsSDK-SPM" */ = {
			isa = XCRemoteSwiftPackageReference;
			repositoryURL = "https://github.com/kakao-mapsSDK/KakaoMapsSDK-SPM.git";
			requirement = {
				kind = exactVersion;
				version = 2.12.19;
			};
		};
/* End XCRemoteSwiftPackageReference section */

/* Begin XCSwiftPackageProductDependency section */
		AF8CDA993032B1A700CD3FA7 /* Sentry */ = {
			isa = XCSwiftPackageProductDependency;
			package = AF8CDA973032B1A700CD3FA7 /* XCRemoteSwiftPackageReference "sentry-cocoa" */;
			productName = Sentry;
		};
		C0A1B0032FCA000100000001 /* SwiftLintBuildToolPlugin */ = {
			isa = XCSwiftPackageProductDependency;
			package = C0A1B0012FCA000100000001 /* XCRemoteSwiftPackageReference "SwiftLintPlugins" */;
			productName = "plugin:SwiftLintBuildToolPlugin";
		};
		D1A0A02130A0000100000001 /* FirebaseAuth */ = {
			isa = XCSwiftPackageProductDependency;
			package = D1A0A01030A0000100000001 /* XCRemoteSwiftPackageReference "firebase-ios-sdk" */;
			productName = FirebaseAuth;
		};
		D1A0A02230A0000100000001 /* FirebaseCore */ = {
			isa = XCSwiftPackageProductDependency;
			package = D1A0A01030A0000100000001 /* XCRemoteSwiftPackageReference "firebase-ios-sdk" */;
			productName = FirebaseCore;
		};
		D1A0A02330A0000100000001 /* GoogleSignIn */ = {
			isa = XCSwiftPackageProductDependency;
			package = D1A0A01130A0000100000001 /* XCRemoteSwiftPackageReference "GoogleSignIn-iOS" */;
			productName = GoogleSignIn;
		};
		D1A0A02430A0000100000001 /* KakaoSDKCommon */ = {
			isa = XCSwiftPackageProductDependency;
			package = D1A0A01230A0000100000001 /* XCRemoteSwiftPackageReference "kakao-ios-sdk" */;
			productName = KakaoSDKCommon;
		};
		D1A0A02530A0000100000001 /* KakaoSDKAuth */ = {
			isa = XCSwiftPackageProductDependency;
			package = D1A0A01230A0000100000001 /* XCRemoteSwiftPackageReference "kakao-ios-sdk" */;
			productName = KakaoSDKAuth;
		};
		D1A0A02630A0000100000001 /* KakaoSDKUser */ = {
			isa = XCSwiftPackageProductDependency;
			package = D1A0A01230A0000100000001 /* XCRemoteSwiftPackageReference "kakao-ios-sdk" */;
			productName = KakaoSDKUser;
		};
		D1A0A02730A0000100000001 /* FirebaseMessaging */ = {
			isa = XCSwiftPackageProductDependency;
			package = D1A0A01030A0000100000001 /* XCRemoteSwiftPackageReference "firebase-ios-sdk" */;
			productName = FirebaseMessaging;
		};
		D1A0A02830A0000100000001 /* KakaoMapsSDK-SPM */ = {
			isa = XCSwiftPackageProductDependency;
			package = D1A0A01330A0000100000001 /* XCRemoteSwiftPackageReference "KakaoMapsSDK-SPM" */;
			productName = "KakaoMapsSDK-SPM";
		};
/* End XCSwiftPackageProductDependency section */
	};
	rootObject = AF88FD132FC9D867000CF969 /* Project object */;
}
